
Microsoft Visual Studio Solution File, Format Version 12.00
# Visual Studio Version 16
VisualStudioVersion = 16.0.31424.327
MinimumVisualStudioVersion = 10.0.40219.1
Project("{FAE04EC0-301F-11D3-BF4B-00C04F79EFBC}") = "Bit++", "Bit++\Bit++.csproj", "{EB478DAD-B776-40CD-ABD4-CD2030DAED1F}"
EndProject
Global
	GlobalSection(SolutionConfigurationPlatforms) = preSolution
		Debug|Any CPU = Debug|Any CPU
		Release|Any CPU = Release|Any CPU
	EndGlobalSection
	GlobalSection(ProjectConfigurationPlatforms) = postSolution
		{EB478DAD-B776-40CD-ABD4-CD2030DAED1F}.Debug|Any CPU.ActiveCfg = Debug|Any CPU
		{EB478DAD-B776-40CD-ABD4-CD2030DAED1F}.Debug|Any CPU.Build.0 = Debug|Any CPU
		{EB478DAD-B776-40CD-ABD4-CD2030DAED1F}.Release|Any CPU.ActiveCfg = Release|Any CPU
		{EB478DAD-B776-40CD-ABD4-CD2030DAED1F}.Release|Any CPU.Build.0 = Release|Any CPU
	EndGlobalSection
	GlobalSection(SolutionProperties) = preSolution
		HideSolutionNode = FALSE
	EndGlobalSection
	GlobalSection(ExtensibilityGlobals) = postSolution
		SolutionGuid = {496AD9A8-0133-44BB-B262-029672C2614C}
	EndGlobalSection
EndGlobal
