
Microsoft Visual Studio Solution File, Format Version 12.00
# Visual Studio Version 16
VisualStudioVersion = 16.0.31424.327
MinimumVisualStudioVersion = 10.0.40219.1
Project("{FAE04EC0-301F-11D3-BF4B-00C04F79EFBC}") = "Капитализация слова", "Капитализация слова\Капитализация слова.csproj", "{290298FD-F41B-4E2F-A59E-2D123960E6A9}"
EndProject
Global
	GlobalSection(SolutionConfigurationPlatforms) = preSolution
		Debug|Any CPU = Debug|Any CPU
		Release|Any CPU = Release|Any CPU
	EndGlobalSection
	GlobalSection(ProjectConfigurationPlatforms) = postSolution
		{290298FD-F41B-4E2F-A59E-2D123960E6A9}.Debug|Any CPU.ActiveCfg = Debug|Any CPU
		{290298FD-F41B-4E2F-A59E-2D123960E6A9}.Debug|Any CPU.Build.0 = Debug|Any CPU
		{290298FD-F41B-4E2F-A59E-2D123960E6A9}.Release|Any CPU.ActiveCfg = Release|Any CPU
		{290298FD-F41B-4E2F-A59E-2D123960E6A9}.Release|Any CPU.Build.0 = Release|Any CPU
	EndGlobalSection
	GlobalSection(SolutionProperties) = preSolution
		HideSolutionNode = FALSE
	EndGlobalSection
	GlobalSection(ExtensibilityGlobals) = postSolution
		SolutionGuid = {AF109ABB-2323-4E37-880A-CA9ACE311F4C}
	EndGlobalSection
EndGlobal
